# This file is automatically @generated by Cargo.
# It is not intended for manual editing.
version = 4

[[package]]
name = "craft-cli"
version = "0.1.0"
dependencies = [
 "craft-core",
 "craft-manifest",
 "craft-memory",
]

[[package]]
name = "craft-core"
version = "0.1.0"
dependencies = [
 "craft-manifest",
]

[[package]]
name = "craft-manifest"
version = "0.1.0"

[[package]]
name = "craft-memory"
version = "0.1.0"
